
Microsoft Visual Studio Solution File, Format Version 12.00
# Visual Studio Version 17
VisualStudioVersion = 17.9.34728.123
MinimumVisualStudioVersion = 10.0.40219.1
Project("{54A90642-561A-4BB1-A94E-469ADEE60C69}") = "Angular-Routing", "Angular-Routing\Angular-Routing.esproj", "{FBD622FE-0365-4C64-AFDD-A471D6AE2523}"
EndProject
Global
	GlobalSection(SolutionConfigurationPlatforms) = preSolution
		Debug|Any CPU = Debug|Any CPU
		Release|Any CPU = Release|Any CPU
	EndGlobalSection
	GlobalSection(ProjectConfigurationPlatforms) = postSolution
		{FBD622FE-0365-4C64-AFDD-A471D6AE2523}.Debug|Any CPU.ActiveCfg = Debug|Any CPU
		{FBD622FE-0365-4C64-AFDD-A471D6AE2523}.Debug|Any CPU.Build.0 = Debug|Any CPU
		{FBD622FE-0365-4C64-AFDD-A471D6AE2523}.Debug|Any CPU.Deploy.0 = Debug|Any CPU
		{FBD622FE-0365-4C64-AFDD-A471D6AE2523}.Release|Any CPU.ActiveCfg = Release|Any CPU
		{FBD622FE-0365-4C64-AFDD-A471D6AE2523}.Release|Any CPU.Build.0 = Release|Any CPU
		{FBD622FE-0365-4C64-AFDD-A471D6AE2523}.Release|Any CPU.Deploy.0 = Release|Any CPU
	EndGlobalSection
	GlobalSection(SolutionProperties) = preSolution
		HideSolutionNode = FALSE
	EndGlobalSection
	GlobalSection(ExtensibilityGlobals) = postSolution
		SolutionGuid = {C9903F4E-EB84-4D71-A540-E682FF11A784}
	EndGlobalSection
EndGlobal
